Microsoft Visual Studio Solution File, Format Version 12.00
# Visual Studio Version 17
VisualStudioVersion = 17.5.2.0
MinimumVisualStudioVersion = 10.0.40219.1
Project("{FAE04EC0-301F-11D3-BF4B-00C04F79EFBC}") = "IngotCLI", "IngotCLI\IngotCLI.csproj", "{0424EE3A-94BE-3487-A57E-2E73CFF2AF34}"
EndProject
Project("{FAE04EC0-301F-11D3-BF4B-00C04F79EFBC}") = "WPlusPlus", "WPlusPlus\WPlusPlus.csproj", "{A76EDBF0-C0EA-6040-0381-6DC82F49CA82}"
EndProject
Global
	GlobalSection(SolutionConfigurationPlatforms) = preSolution
		Debug|Any CPU = Debug|Any CPU
		Release|Any CPU = Release|Any CPU
	EndGlobalSection
	GlobalSection(ProjectConfigurationPlatforms) = postSolution
		{0424EE3A-94BE-3487-A57E-2E73CFF2AF34}.Debug|Any CPU.ActiveCfg = Debug|Any CPU
		{0424EE3A-94BE-3487-A57E-2E73CFF2AF34}.Debug|Any CPU.Build.0 = Debug|Any CPU
		{0424EE3A-94BE-3487-A57E-2E73CFF2AF34}.Release|Any CPU.ActiveCfg = Release|Any CPU
		{0424EE3A-94BE-3487-A57E-2E73CFF2AF34}.Release|Any CPU.Build.0 = Release|Any CPU
		{A76EDBF0-C0EA-6040-0381-6DC82F49CA82}.Debug|Any CPU.ActiveCfg = Debug|Any CPU
		{A76EDBF0-C0EA-6040-0381-6DC82F49CA82}.Debug|Any CPU.Build.0 = Debug|Any CPU
		{A76EDBF0-C0EA-6040-0381-6DC82F49CA82}.Release|Any CPU.ActiveCfg = Release|Any CPU
		{A76EDBF0-C0EA-6040-0381-6DC82F49CA82}.Release|Any CPU.Build.0 = Release|Any CPU
	EndGlobalSection
	GlobalSection(SolutionProperties) = preSolution
		HideSolutionNode = FALSE
	EndGlobalSection
	GlobalSection(ExtensibilityGlobals) = postSolution
		SolutionGuid = {5E051F87-C792-429A-AF25-07E9A26DCD88}
	EndGlobalSection
EndGlobal
