Microsoft Visual Studio Solution File, Format Version 12.00
# Visual Studio Version 17
VisualStudioVersion = 17.13.35931.197
MinimumVisualStudioVersion = 10.0.40219.1
Project("{FAE04EC0-301F-11D3-BF4B-00C04F79EFBC}") = "WPlusPlus", "WPlusPlus\WPlusPlus.csproj", "{AFD01644-1F25-44BE-96F2-12285FFD1DAC}"
EndProject
Project("{FAE04EC0-301F-11D3-BF4B-00C04F79EFBC}") = "IngotCLI", "IngotCLI\IngotCLI.csproj", "{1DDE9743-63FD-4B1A-90AD-326EA22F6EB5}"
EndProject
Global
	GlobalSection(SolutionConfigurationPlatforms) = preSolution
		Debug|Any CPU = Debug|Any CPU
		Release|Any CPU = Release|Any CPU
	EndGlobalSection
	GlobalSection(ProjectConfigurationPlatforms) = postSolution
		{AFD01644-1F25-44BE-96F2-12285FFD1DAC}.Debug|Any CPU.ActiveCfg = Debug|Any CPU
		{AFD01644-1F25-44BE-96F2-12285FFD1DAC}.Debug|Any CPU.Build.0 = Debug|Any CPU
		{AFD01644-1F25-44BE-96F2-12285FFD1DAC}.Release|Any CPU.ActiveCfg = Release|Any CPU
		{AFD01644-1F25-44BE-96F2-12285FFD1DAC}.Release|Any CPU.Build.0 = Release|Any CPU
		{1DDE9743-63FD-4B1A-90AD-326EA22F6EB5}.Debug|Any CPU.ActiveCfg = Debug|Any CPU
		{1DDE9743-63FD-4B1A-90AD-326EA22F6EB5}.Debug|Any CPU.Build.0 = Debug|Any CPU
		{1DDE9743-63FD-4B1A-90AD-326EA22F6EB5}.Release|Any CPU.ActiveCfg = Release|Any CPU
		{1DDE9743-63FD-4B1A-90AD-326EA22F6EB5}.Release|Any CPU.Build.0 = Release|Any CPU
	EndGlobalSection
	GlobalSection(SolutionProperties) = preSolution
		HideSolutionNode = FALSE
	EndGlobalSection
	GlobalSection(ExtensibilityGlobals) = postSolution
		SolutionGuid = {46A88E10-52F7-4937-A501-B9D5DB0F89D2}
	EndGlobalSection
EndGlobal
